{
    "_meta": {
        "hash": {
            "sha256": "feeb559e8e94457d9ffdaaf066ceaf45d836cd23c93f8db28a5c4b55030b1ea8"
        },
        "pipfile-spec": 6,
        "requires": {},
        "sources": [
            {
                "name": "pypi",
                "url": "https://pypi.org/simple",
                "verify_ssl": true
            }
        ]
    },
    "default": {
        "attrs": {
            "hashes": [
                "sha256:08a96c641c3a74e44eb59afb61a24f2cb9f4d7188748e76ba4bb5edfa3cb7d1c",
                "sha256:f7b7ce16570fe9965acd6d30101a28f62fb4a7f9e926b3bbc9b61f8b04247e72"
            ],
            "version": "==19.3.0"
        },
        "certifi": {
            "hashes": [
                "sha256:1d987a998c75633c40847cc966fcf5904906c920a7f17ef374f5aa4282abd304",
                "sha256:51fcb31174be6e6664c5f69e3e1691a2d72a1a12e90f872cbdb1567eb47b6519"
            ],
            "version": "==2020.4.5.1"
        },
        "chardet": {
            "hashes": [
                "sha256:84ab92ed1c4d4f16916e05906b6b75a6c0fb5db821cc65e70cbd64a3e2a5eaae",
                "sha256:fc323ffcaeaed0e0a02bf4d117757b98aed530d9ed4531e3e15460124c106691"
            ],
            "version": "==3.0.4"
        },
        "coverage": {
            "hashes": [
                "sha256:03f630aba2b9b0d69871c2e8d23a69b7fe94a1e2f5f10df5049c0df99db639a0",
                "sha256:046a1a742e66d065d16fb564a26c2a15867f17695e7f3d358d7b1ad8a61bca30",
                "sha256:0a907199566269e1cfa304325cc3b45c72ae341fbb3253ddde19fa820ded7a8b",
                "sha256:165a48268bfb5a77e2d9dbb80de7ea917332a79c7adb747bd005b3a07ff8caf0",
                "sha256:1b60a95fc995649464e0cd48cecc8288bac5f4198f21d04b8229dc4097d76823",
                "sha256:1f66cf263ec77af5b8fe14ef14c5e46e2eb4a795ac495ad7c03adc72ae43fafe",
                "sha256:2e08c32cbede4a29e2a701822291ae2bc9b5220a971bba9d1e7615312efd3037",
                "sha256:3844c3dab800ca8536f75ae89f3cf566848a3eb2af4d9f7b1103b4f4f7a5dad6",
                "sha256:408ce64078398b2ee2ec08199ea3fcf382828d2f8a19c5a5ba2946fe5ddc6c31",
                "sha256:443be7602c790960b9514567917af538cac7807a7c0c0727c4d2bbd4014920fd",
                "sha256:4482f69e0701139d0f2c44f3c395d1d1d37abd81bfafbf9b6efbe2542679d892",
                "sha256:4a8a259bf990044351baf69d3b23e575699dd60b18460c71e81dc565f5819ac1",
                "sha256:513e6526e0082c59a984448f4104c9bf346c2da9961779ede1fc458e8e8a1f78",
                "sha256:5f587dfd83cb669933186661a351ad6fc7166273bc3e3a1531ec5c783d997aac",
                "sha256:62061e87071497951155cbccee487980524d7abea647a1b2a6eb6b9647df9006",
                "sha256:641e329e7f2c01531c45c687efcec8aeca2a78a4ff26d49184dce3d53fc35014",
                "sha256:65a7e00c00472cd0f59ae09d2fb8a8aaae7f4a0cf54b2b74f3138d9f9ceb9cb2",
                "sha256:6ad6ca45e9e92c05295f638e78cd42bfaaf8ee07878c9ed73e93190b26c125f7",
                "sha256:73aa6e86034dad9f00f4bbf5a666a889d17d79db73bc5af04abd6c20a014d9c8",
                "sha256:7c9762f80a25d8d0e4ab3cb1af5d9dffbddb3ee5d21c43e3474c84bf5ff941f7",
                "sha256:85596aa5d9aac1bf39fe39d9fa1051b0f00823982a1de5766e35d495b4a36ca9",
                "sha256:86a0ea78fd851b313b2e712266f663e13b6bc78c2fb260b079e8b67d970474b1",
                "sha256:8a620767b8209f3446197c0e29ba895d75a1e272a36af0786ec70fe7834e4307",
                "sha256:922fb9ef2c67c3ab20e22948dcfd783397e4c043a5c5fa5ff5e9df5529074b0a",
                "sha256:9fad78c13e71546a76c2f8789623eec8e499f8d2d799f4b4547162ce0a4df435",
                "sha256:a37c6233b28e5bc340054cf6170e7090a4e85069513320275a4dc929144dccf0",
                "sha256:c3fc325ce4cbf902d05a80daa47b645d07e796a80682c1c5800d6ac5045193e5",
                "sha256:cda33311cb9fb9323958a69499a667bd728a39a7aa4718d7622597a44c4f1441",
                "sha256:db1d4e38c9b15be1521722e946ee24f6db95b189d1447fa9ff18dd16ba89f732",
                "sha256:eda55e6e9ea258f5e4add23bcf33dc53b2c319e70806e180aecbff8d90ea24de",
                "sha256:f372cdbb240e09ee855735b9d85e7f50730dcfb6296b74b95a3e5dea0615c4c1"
            ],
            "index": "pypi",
            "version": "==5.0.4"
        },
        "coveralls": {
            "hashes": [
                "sha256:41bd57b60321dfd5b56e990ab3f7ed876090691c21a9e3b005e1f6e42e6ba4b9",
                "sha256:d213f5edd49053d03f0db316ccabfe17725f2758147afc9a37eaca9d8e8602b5"
            ],
            "index": "pypi",
            "version": "==2.0.0"
        },
        "docopt": {
            "hashes": [
                "sha256:49b3a825280bd66b3aa83585ef59c4a8c82f2c8a522dbe754a8bc8d08c85c491"
            ],
            "version": "==0.6.2"
        },
        "idna": {
            "hashes": [
                "sha256:7588d1c14ae4c77d74036e8c22ff447b26d0fde8f007354fd48a7814db15b7cb",
                "sha256:a068a21ceac8a4d63dbfd964670474107f541babbd2250d61922f029858365fa"
            ],
            "version": "==2.9"
        },
        "importlib-metadata": {
            "hashes": [
                "sha256:2a688cbaa90e0cc587f1df48bdc97a6eadccdcd9c35fb3f976a09e3b5016d90f",
                "sha256:34513a8a0c4962bc66d35b359558fd8a5e10cd472d37aec5f66858addef32c1e"
            ],
            "markers": "python_version < '3.8'",
            "version": "==1.6.0"
        },
        "jsonschema": {
            "hashes": [
                "sha256:4e5b3cf8216f577bee9ce139cbe72eca3ea4f292ec60928ff24758ce626cd163",
                "sha256:c8a85b28d377cc7737e46e2d9f2b4f44ee3c0e1deac6bf46ddefc7187d30797a"
            ],
            "index": "pypi",
            "version": "==3.2.0"
        },
        "more-itertools": {
            "hashes": [
                "sha256:5dd8bcf33e5f9513ffa06d5ad33d78f31e1931ac9a18f33d37e77a180d393a7c",
                "sha256:b1ddb932186d8a6ac451e1d95844b382f55e12686d51ca0c68b6f61f2ab7a507"
            ],
            "version": "==8.2.0"
        },
        "nose": {
            "hashes": [
                "sha256:9ff7c6cc443f8c51994b34a667bbcf45afd6d945be7477b52e97516fd17c53ac",
                "sha256:dadcddc0aefbf99eea214e0f1232b94f2fa9bd98fa8353711dacb112bfcbbb2a",
                "sha256:f1bffef9cbc82628f6e7d7b40d7e255aefaa1adb6a1b1d26c69a8b79e6208a98"
            ],
            "index": "pypi",
            "version": "==1.3.7"
        },
        "packaging": {
            "hashes": [
                "sha256:3c292b474fda1671ec57d46d739d072bfd495a4f51ad01a055121d81e952b7a3",
                "sha256:82f77b9bee21c1bafbf35a84905d604d5d1223801d639cf3ed140bd651c08752"
            ],
            "version": "==20.3"
        },
        "pathlib2": {
            "hashes": [
                "sha256:0ec8205a157c80d7acc301c0b18fbd5d44fe655968f5d947b6ecef5290fc35db",
                "sha256:6cd9a47b597b37cc57de1c05e56fb1a1c9cc9fab04fe78c29acd090418529868"
            ],
            "markers": "python_version < '3.6'",
            "version": "==2.3.5"
        },
        "pluggy": {
            "hashes": [
                "sha256:15b2acde666561e1298d71b523007ed7364de07029219b604cf808bfa1c765b0",
                "sha256:966c145cd83c96502c3c3868f50408687b38434af77734af1e9ca461a4081d2d"
            ],
            "index": "pypi",
            "version": "==0.13.1"
        },
        "py": {
            "hashes": [
                "sha256:5e27081401262157467ad6e7f851b7aa402c5852dbcb3dae06768434de5752aa",
                "sha256:c20fdd83a5dbc0af9efd622bee9a5564e278f6380fffcacc43ba6f43db2813b0"
            ],
            "index": "pypi",
            "version": "==1.8.1"
        },
        "pyparsing": {
            "hashes": [
                "sha256:c203ec8783bf771a155b207279b9bccb8dea02d8f0c9e5f8ead507bc3246ecc1",
                "sha256:ef9d7589ef3c200abe66653d3f1ab1033c3c419ae9b9bdb1240a85b024efc88b"
            ],
            "version": "==2.4.7"
        },
        "pyrsistent": {
            "hashes": [
                "sha256:28669905fe725965daa16184933676547c5bb40a5153055a8dee2a4bd7933ad3"
            ],
            "version": "==0.16.0"
        },
        "pytest": {
            "hashes": [
                "sha256:0e5b30f5cb04e887b91b1ee519fa3d89049595f428c1db76e73bd7f17b09b172",
                "sha256:84dde37075b8805f3d1f392cc47e38a0e59518fb46a431cfdaf7cf1ce805f970"
            ],
            "index": "pypi",
            "version": "==5.4.1"
        },
        "pytest-cov": {
            "hashes": [
                "sha256:cc6742d8bac45070217169f5f72ceee1e0e55b0221f54bcf24845972d3a47f2b",
                "sha256:cdbdef4f870408ebdbfeb44e63e07eb18bb4619fae852f6e760645fa36172626"
            ],
            "index": "pypi",
            "version": "==2.8.1"
        },
        "randomize": {
            "hashes": [
                "sha256:79c72c1465060e7d22d8fa147fa0452550db83bf0bcf8c0b0694277ebc6f6ff6",
                "sha256:fe977435ed8f9786c891a0299c99a710751b748d4ddc23ff85fb5eba73983b6b"
            ],
            "index": "pypi",
            "version": "==0.14"
        },
        "requests": {
            "hashes": [
                "sha256:43999036bfa82904b6af1d99e4882b560e5e2c68e5c4b0aa03b655f3d7d73fee",
                "sha256:b3f43d496c6daba4493e7c431722aeb7dbc6288f52a6e04e7b6023b0247817e6"
            ],
            "version": "==2.23.0"
        },
        "setuptools-scm": {
            "hashes": [
                "sha256:0d23db3d43e0a43eb7196bcf0eb8a4a2eb0561f621ed7ec44b2fdccfd907e38f",
                "sha256:5bdf21a05792903cafe7ae0c9501182ab52497614fa6b1750d9dbae7b60c1a87"
            ],
            "index": "pypi",
            "version": "==3.5.0"
        },
        "six": {
            "hashes": [
                "sha256:236bdbdce46e6e6a3d61a337c0f8b763ca1e8717c03b369e87a7ec7ce1319c0a",
                "sha256:8f3cd2e254d8f793e7f3d6d9df77b92252b52637291d0f0da013c76ea2724b6c"
            ],
            "version": "==1.14.0"
        },
        "urllib3": {
            "hashes": [
                "sha256:2f3db8b19923a873b3e5256dc9c2dedfa883e33d87c690d9c7913e1f40673cdc",
                "sha256:87716c2d2a7121198ebcb7ce7cccf6ce5e9ba539041cfbaeecfb641dc0bf6acc"
            ],
            "version": "==1.25.8"
        },
        "wcwidth": {
            "hashes": [
                "sha256:cafe2186b3c009a04067022ce1dcd79cb38d8d65ee4f4791b8888d6599d1bbe1",
                "sha256:ee73862862a156bf77ff92b09034fc4825dd3af9cf81bc5b360668d425f3c5f1"
            ],
            "version": "==0.1.9"
        },
        "zipp": {
            "hashes": [
                "sha256:c70410551488251b0fee67b460fb9a536af8d6f9f008ad10ac51f615b6a521b1",
                "sha256:e0d9e63797e483a30d27e09fffd308c59a700d365ec34e93cc100844168bf921"
            ],
            "version": "==1.2.0"
        }
    },
    "develop": {
        "certifi": {
            "hashes": [
                "sha256:1d987a998c75633c40847cc966fcf5904906c920a7f17ef374f5aa4282abd304",
                "sha256:51fcb31174be6e6664c5f69e3e1691a2d72a1a12e90f872cbdb1567eb47b6519"
            ],
            "version": "==2020.4.5.1"
        },
        "marshmallow": {
            "hashes": [
                "sha256:90854221bbb1498d003a0c3cc9d8390259137551917961c8b5258c64026b2f85",
                "sha256:ac2e13b30165501b7d41fc0371b8df35944f5849769d136f20e2c5f6cdc6e665"
            ],
            "version": "==3.5.1"
        },
        "python-dateutil": {
            "hashes": [
                "sha256:73ebfe9dbf22e832286dafa60473e4cd239f8592f699aa5adaf10050e6e1823c",
                "sha256:75bb3f31ea686f1197762692a9ee6a7550b59fc6ca3a1f4b5d7e32fb98e2da2a"
            ],
            "version": "==2.8.1"
        },
        "pytruelayer": {
            "editable": true,
            "path": "./api"
        },
        "six": {
            "hashes": [
                "sha256:236bdbdce46e6e6a3d61a337c0f8b763ca1e8717c03b369e87a7ec7ce1319c0a",
                "sha256:8f3cd2e254d8f793e7f3d6d9df77b92252b52637291d0f0da013c76ea2724b6c"
            ],
            "version": "==1.14.0"
        },
        "urllib3": {
            "hashes": [
                "sha256:2f3db8b19923a873b3e5256dc9c2dedfa883e33d87c690d9c7913e1f40673cdc",
                "sha256:87716c2d2a7121198ebcb7ce7cccf6ce5e9ba539041cfbaeecfb641dc0bf6acc"
            ],
            "version": "==1.25.8"
        }
    }
}
